
Microsoft Visual Studio Solution File, Format Version 12.00
# Visual Studio 15
VisualStudioVersion = 15.0.27428.2002
MinimumVisualStudioVersion = 10.0.40219.1
Project("{FAE04EC0-301F-11D3-BF4B-00C04F79EFBC}") = "Inmobiliaria.Domain", "Inmobiliaria.Dominio\Inmobiliaria.Domain.csproj", "{BB1AB6DC-0F1A-49C2-88A0-FC7789C9D0EA}"
EndProject
Project("{FAE04EC0-301F-11D3-BF4B-00C04F79EFBC}") = "Inmobiliaria.WPF", "Inmobiliaria.WPF\Inmobiliaria.WPF.csproj", "{A3F8609D-06E4-4760-B8C9-71B8C594A689}"
EndProject
Project("{00D1A9C2-B5F0-4AF3-8072-F6C62B433612}") = "Inmobiliaria.Data", "Inmobiliaria.Data\Inmobiliaria.Data.sqlproj", "{FFCE89DF-C813-466D-9EF4-FB84292603F0}"
EndProject
Project("{FAE04EC0-301F-11D3-BF4B-00C04F79EFBC}") = "Inmobiliaria.DataAccess", "Data.Access\Inmobiliaria.DataAccess.csproj", "{5BFAFBDE-5479-4AA4-919E-4B4786A311B3}"
EndProject
Project("{FAE04EC0-301F-11D3-BF4B-00C04F79EFBC}") = "Inmobiliaria.Service", "Inmobiliaria.Service\Inmobiliaria.Service.csproj", "{80DDB32F-3AE6-4943-B15D-CDB6C76A85A0}"
EndProject
Global
	GlobalSection(SolutionConfigurationPlatforms) = preSolution
		Debug|Any CPU = Debug|Any CPU
		Release|Any CPU = Release|Any CPU
	EndGlobalSection
	GlobalSection(ProjectConfigurationPlatforms) = postSolution
		{BB1AB6DC-0F1A-49C2-88A0-FC7789C9D0EA}.Debug|Any CPU.ActiveCfg = Debug|Any CPU
		{BB1AB6DC-0F1A-49C2-88A0-FC7789C9D0EA}.Debug|Any CPU.Build.0 = Debug|Any CPU
		{BB1AB6DC-0F1A-49C2-88A0-FC7789C9D0EA}.Release|Any CPU.ActiveCfg = Release|Any CPU
		{BB1AB6DC-0F1A-49C2-88A0-FC7789C9D0EA}.Release|Any CPU.Build.0 = Release|Any CPU
		{A3F8609D-06E4-4760-B8C9-71B8C594A689}.Debug|Any CPU.ActiveCfg = Debug|Any CPU
		{A3F8609D-06E4-4760-B8C9-71B8C594A689}.Debug|Any CPU.Build.0 = Debug|Any CPU
		{A3F8609D-06E4-4760-B8C9-71B8C594A689}.Release|Any CPU.ActiveCfg = Release|Any CPU
		{A3F8609D-06E4-4760-B8C9-71B8C594A689}.Release|Any CPU.Build.0 = Release|Any CPU
		{FFCE89DF-C813-466D-9EF4-FB84292603F0}.Debug|Any CPU.ActiveCfg = Debug|Any CPU
		{FFCE89DF-C813-466D-9EF4-FB84292603F0}.Debug|Any CPU.Build.0 = Debug|Any CPU
		{FFCE89DF-C813-466D-9EF4-FB84292603F0}.Debug|Any CPU.Deploy.0 = Debug|Any CPU
		{FFCE89DF-C813-466D-9EF4-FB84292603F0}.Release|Any CPU.ActiveCfg = Release|Any CPU
		{FFCE89DF-C813-466D-9EF4-FB84292603F0}.Release|Any CPU.Build.0 = Release|Any CPU
		{FFCE89DF-C813-466D-9EF4-FB84292603F0}.Release|Any CPU.Deploy.0 = Release|Any CPU
		{5BFAFBDE-5479-4AA4-919E-4B4786A311B3}.Debug|Any CPU.ActiveCfg = Debug|Any CPU
		{5BFAFBDE-5479-4AA4-919E-4B4786A311B3}.Debug|Any CPU.Build.0 = Debug|Any CPU
		{5BFAFBDE-5479-4AA4-919E-4B4786A311B3}.Release|Any CPU.ActiveCfg = Release|Any CPU
		{5BFAFBDE-5479-4AA4-919E-4B4786A311B3}.Release|Any CPU.Build.0 = Release|Any CPU
		{80DDB32F-3AE6-4943-B15D-CDB6C76A85A0}.Debug|Any CPU.ActiveCfg = Debug|Any CPU
		{80DDB32F-3AE6-4943-B15D-CDB6C76A85A0}.Debug|Any CPU.Build.0 = Debug|Any CPU
		{80DDB32F-3AE6-4943-B15D-CDB6C76A85A0}.Release|Any CPU.ActiveCfg = Release|Any CPU
		{80DDB32F-3AE6-4943-B15D-CDB6C76A85A0}.Release|Any CPU.Build.0 = Release|Any CPU
	EndGlobalSection
	GlobalSection(SolutionProperties) = preSolution
		HideSolutionNode = FALSE
	EndGlobalSection
	GlobalSection(ExtensibilityGlobals) = postSolution
		SolutionGuid = {A66B5A96-55E3-4B06-9FDF-E8B16648EA7A}
	EndGlobalSection
EndGlobal
